
Microsoft Visual Studio Solution File, Format Version 12.00
# Visual Studio Version 17
VisualStudioVersion = 17.5.002.0
MinimumVisualStudioVersion = 10.0.40219.1
Project("{9A19103F-16F7-4668-BE54-9A1E7A4F7556}") = "Dhypermarket-ecommerce-.NetAPI", "Dhypermarket-ecommerce-.NetAPI.csproj", "{ACF41015-BADE-4024-85EE-C91D7AFC772C}"
EndProject
Global
	GlobalSection(SolutionConfigurationPlatforms) = preSolution
		Debug|Any CPU = Debug|Any CPU
		Release|Any CPU = Release|Any CPU
	EndGlobalSection
	GlobalSection(ProjectConfigurationPlatforms) = postSolution
		{ACF41015-BADE-4024-85EE-C91D7AFC772C}.Debug|Any CPU.ActiveCfg = Debug|Any CPU
		{ACF41015-BADE-4024-85EE-C91D7AFC772C}.Debug|Any CPU.Build.0 = Debug|Any CPU
		{ACF41015-BADE-4024-85EE-C91D7AFC772C}.Release|Any CPU.ActiveCfg = Release|Any CPU
		{ACF41015-BADE-4024-85EE-C91D7AFC772C}.Release|Any CPU.Build.0 = Release|Any CPU
	EndGlobalSection
	GlobalSection(SolutionProperties) = preSolution
		HideSolutionNode = FALSE
	EndGlobalSection
	GlobalSection(ExtensibilityGlobals) = postSolution
		SolutionGuid = {C9D8E059-9467-4343-8480-6A2AEE159E7E}
	EndGlobalSection
EndGlobal
